// !$*UTF8*$!
{
	archiveVersion = 1;
	classes = {
	};
	objectVersion = 56;
	objects = {

/* Begin PBXBuildFile section */
		4D3101D22A1D074D007EBE72 /* ProductItemTableViewCell.swift in Sources */ = {isa = PBXBuildFile; fileRef = 4D3101D12A1D074D007EBE72 /* ProductItemTableViewCell.swift */; };
		4D3101D42A1D1D04007EBE72 /* OrderDetailsViewController.swift in Sources */ = {isa = PBXBuildFile; fileRef = 4D3101D32A1D1D04007EBE72 /* OrderDetailsViewController.swift */; };
		4D519F232A1CFA17006ED8ED /* ProductsViewController.swift in Sources */ = {isa = PBXBuildFile; fileRef = 4D519F222A1CFA17006ED8ED /* ProductsViewController.swift */; };
		4D6D04FE2A1A472600AE9257 /* AppDelegate.swift in Sources */ = {isa = PBXBuildFile; fileRef = 4D6D04FD2A1A472600AE9257 /* AppDelegate.swift */; };
		4D6D05002A1A472600AE9257 /* SceneDelegate.swift in Sources */ = {isa = PBXBuildFile; fileRef = 4D6D04FF2A1A472600AE9257 /* SceneDelegate.swift */; };
		4D6D05022A1A472600AE9257 /* CartViewController.swift in Sources */ = {isa = PBXBuildFile; fileRef = 4D6D05012A1A472600AE9257 /* CartViewController.swift */; };
		4D6D05052A1A472600AE9257 /* Main.storyboard in Resources */ = {isa = PBXBuildFile; fileRef = 4D6D05032A1A472600AE9257 /* Main.storyboard */; };
		4D6D05072A1A472800AE9257 /* Assets.xcassets in Resources */ = {isa = PBXBuildFile; fileRef = 4D6D05062A1A472800AE9257 /* Assets.xcassets */; };
		4D6D050A2A1A472800AE9257 /* LaunchScreen.storyboard in Resources */ = {isa = PBXBuildFile; fileRef = 4D6D05082A1A472800AE9257 /* LaunchScreen.storyboard */; };
		4D6D05152A1A472800AE9257 /* SubscriptionTests.swift in Sources */ = {isa = PBXBuildFile; fileRef = 4D6D05142A1A472800AE9257 /* SubscriptionTests.swift */; };
		4D6D051F2A1A472800AE9257 /* SubscriptionUITests.swift in Sources */ = {isa = PBXBuildFile; fileRef = 4D6D051E2A1A472800AE9257 /* SubscriptionUITests.swift */; };
		4D6D05212A1A472800AE9257 /* SubscriptionUITestsLaunchTests.swift in Sources */ = {isa = PBXBuildFile; fileRef = 4D6D05202A1A472800AE9257 /* SubscriptionUITestsLaunchTests.swift */; };
		4D6D05322A1BAEAF00AE9257 /* ProductTableViewCell.swift in Sources */ = {isa = PBXBuildFile; fileRef = 4D6D05312A1BAEAF00AE9257 /* ProductTableViewCell.swift */; };
		4D6D05342A1BE69F00AE9257 /* ProductViewModel.swift in Sources */ = {isa = PBXBuildFile; fileRef = 4D6D05332A1BE69F00AE9257 /* ProductViewModel.swift */; };
		4D6D05362A1BE71D00AE9257 /* Product.swift in Sources */ = {isa = PBXBuildFile; fileRef = 4D6D05352A1BE71D00AE9257 /* Product.swift */; };
		4D6D05382A1BE77400AE9257 /* ProductsDatabase.swift in Sources */ = {isa = PBXBuildFile; fileRef = 4D6D05372A1BE77400AE9257 /* ProductsDatabase.swift */; };
		4D8C7BA92A1D2A7000B4B1BA /* ResultsViewController.swift in Sources */ = {isa = PBXBuildFile; fileRef = 4D8C7BA82A1D2A7000B4B1BA /* ResultsViewController.swift */; };
/* End PBXBuildFile section */

/* Begin PBXContainerItemProxy section */
		4D6D05112A1A472800AE9257 /* PBXContainerItemProxy */ = {
			isa = PBXContainerItemProxy;
			containerPortal = 4D6D04F22A1A472600AE9257 /* Project object */;
			proxyType = 1;
			remoteGlobalIDString = 4D6D04F92A1A472600AE9257;
			remoteInfo = Subscription;
		};
		4D6D051B2A1A472800AE9257 /* PBXContainerItemProxy */ = {
			isa = PBXContainerItemProxy;
			containerPortal = 4D6D04F22A1A472600AE9257 /* Project object */;
			proxyType = 1;
			remoteGlobalIDString = 4D6D04F92A1A472600AE9257;
			remoteInfo = Subscription;
		};
/* End PBXContainerItemProxy section */

/* Begin PBXFileReference section */
		4D3101D12A1D074D007EBE72 /* ProductItemTableViewCell.swift */ = {isa = PBXFileReference; lastKnownFileType = sourcecode.swift; path = ProductItemTableViewCell.swift; sourceTree = "<group>"; };
		4D3101D32A1D1D04007EBE72 /* OrderDetailsViewController.swift */ = {isa = PBXFileReference; lastKnownFileType = sourcecode.swift; path = OrderDetailsViewController.swift; sourceTree = "<group>"; };
		4D519F222A1CFA17006ED8ED /* ProductsViewController.swift */ = {isa = PBXFileReference; lastKnownFileType = sourcecode.swift; path = ProductsViewController.swift; sourceTree = "<group>"; };
		4D6D04FA2A1A472600AE9257 /* Subscription.app */ = {isa = PBXFileReference; explicitFileType = wrapper.application; includeInIndex = 0; path = Subscription.app; sourceTree = BUILT_PRODUCTS_DIR; };
		4D6D04FD2A1A472600AE9257 /* AppDelegate.swift */ = {isa = PBXFileReference; lastKnownFileType = sourcecode.swift; path = AppDelegate.swift; sourceTree = "<group>"; };
		4D6D04FF2A1A472600AE9257 /* SceneDelegate.swift */ = {isa = PBXFileReference; lastKnownFileType = sourcecode.swift; path = SceneDelegate.swift; sourceTree = "<group>"; };
		4D6D05012A1A472600AE9257 /* CartViewController.swift */ = {isa = PBXFileReference; lastKnownFileType = sourcecode.swift; path = CartViewController.swift; sourceTree = "<group>"; };
		4D6D05042A1A472600AE9257 /* Base */ = {isa = PBXFileReference; lastKnownFileType = file.storyboard; name = Base; path = Base.lproj/Main.storyboard; sourceTree = "<group>"; };
		4D6D05062A1A472800AE9257 /* Assets.xcassets */ = {isa = PBXFileReference; lastKnownFileType = folder.assetcatalog; path = Assets.xcassets; sourceTree = "<group>"; };
		4D6D05092A1A472800AE9257 /* Base */ = {isa = PBXFileReference; lastKnownFileType = file.storyboard; name = Base; path = Base.lproj/LaunchScreen.storyboard; sourceTree = "<group>"; };
		4D6D050B2A1A472800AE9257 /* Info.plist */ = {isa = PBXFileReference; lastKnownFileType = text.plist.xml; path = Info.plist; sourceTree = "<group>"; };
		4D6D05102A1A472800AE9257 /* SubscriptionTests.xctest */ = {isa = PBXFileReference; explicitFileType = wrapper.cfbundle; includeInIndex = 0; path = SubscriptionTests.xctest; sourceTree = BUILT_PRODUCTS_DIR; };
		4D6D05142A1A472800AE9257 /* SubscriptionTests.swift */ = {isa = PBXFileReference; lastKnownFileType = sourcecode.swift; path = SubscriptionTests.swift; sourceTree = "<group>"; };
		4D6D051A2A1A472800AE9257 /* SubscriptionUITests.xctest */ = {isa = PBXFileReference; explicitFileType = wrapper.cfbundle; includeInIndex = 0; path = SubscriptionUITests.xctest; sourceTree = BUILT_PRODUCTS_DIR; };
		4D6D051E2A1A472800AE9257 /* SubscriptionUITests.swift */ = {isa = PBXFileReference; lastKnownFileType = sourcecode.swift; path = SubscriptionUITests.swift; sourceTree = "<group>"; };
		4D6D05202A1A472800AE9257 /* SubscriptionUITestsLaunchTests.swift */ = {isa = PBXFileReference; lastKnownFileType = sourcecode.swift; path = SubscriptionUITestsLaunchTests.swift; sourceTree = "<group>"; };
		4D6D05312A1BAEAF00AE9257 /* ProductTableViewCell.swift */ = {isa = PBXFileReference; lastKnownFileType = sourcecode.swift; path = ProductTableViewCell.swift; sourceTree = "<group>"; };
		4D6D05332A1BE69F00AE9257 /* ProductViewModel.swift */ = {isa = PBXFileReference; lastKnownFileType = sourcecode.swift; path = ProductViewModel.swift; sourceTree = "<group>"; };
		4D6D05352A1BE71D00AE9257 /* Product.swift */ = {isa = PBXFileReference; lastKnownFileType = sourcecode.swift; path = Product.swift; sourceTree = "<group>"; };
		4D6D05372A1BE77400AE9257 /* ProductsDatabase.swift */ = {isa = PBXFileReference; lastKnownFileType = sourcecode.swift; path = ProductsDatabase.swift; sourceTree = "<group>"; };
		4D8C7BA82A1D2A7000B4B1BA /* ResultsViewController.swift */ = {isa = PBXFileReference; lastKnownFileType = sourcecode.swift; path = ResultsViewController.swift; sourceTree = "<group>"; };
/* End PBXFileReference section */

/* Begin PBXFrameworksBuildPhase section */
		4D6D04F72A1A472600AE9257 /* Frameworks */ = {
			isa = PBXFrameworksBuildPhase;
			buildActionMask = 2147483647;
			files = (
			);
			runOnlyForDeploymentPostprocessing = 0;
		};
		4D6D050D2A1A472800AE9257 /* Frameworks */ = {
			isa = PBXFrameworksBuildPhase;
			buildActionMask = 2147483647;
			files = (
			);
			runOnlyForDeploymentPostprocessing = 0;
		};
		4D6D05172A1A472800AE9257 /* Frameworks */ = {
			isa = PBXFrameworksBuildPhase;
			buildActionMask = 2147483647;
			files = (
			);
			runOnlyForDeploymentPostprocessing = 0;
		};
/* End PBXFrameworksBuildPhase section */

/* Begin PBXGroup section */
		4D6D04F12A1A472600AE9257 = {
			isa = PBXGroup;
			children = (
				4D6D04FC2A1A472600AE9257 /* Subscription */,
				4D6D05132A1A472800AE9257 /* SubscriptionTests */,
				4D6D051D2A1A472800AE9257 /* SubscriptionUITests */,
				4D6D04FB2A1A472600AE9257 /* Products */,
			);
			sourceTree = "<group>";
		};
		4D6D04FB2A1A472600AE9257 /* Products */ = {
			isa = PBXGroup;
			children = (
				4D6D04FA2A1A472600AE9257 /* Subscription.app */,
				4D6D05102A1A472800AE9257 /* SubscriptionTests.xctest */,
				4D6D051A2A1A472800AE9257 /* SubscriptionUITests.xctest */,
			);
			name = Products;
			sourceTree = "<group>";
		};
		4D6D04FC2A1A472600AE9257 /* Subscription */ = {
			isa = PBXGroup;
			children = (
				4D6D05302A1BAE7C00AE9257 /* ViewModels */,
				4D6D052F2A1BAE6300AE9257 /* Models */,
				4D6D052E2A1BAE5800AE9257 /* Controllers */,
				4D6D052D2A1BACDE00AE9257 /* Views */,
				4D6D04FD2A1A472600AE9257 /* AppDelegate.swift */,
				4D6D04FF2A1A472600AE9257 /* SceneDelegate.swift */,
				4D6D05032A1A472600AE9257 /* Main.storyboard */,
				4D6D05062A1A472800AE9257 /* Assets.xcassets */,
				4D6D05082A1A472800AE9257 /* LaunchScreen.storyboard */,
				4D6D050B2A1A472800AE9257 /* Info.plist */,
			);
			path = Subscription;
			sourceTree = "<group>";
		};
		4D6D05132A1A472800AE9257 /* SubscriptionTests */ = {
			isa = PBXGroup;
			children = (
				4D6D05142A1A472800AE9257 /* SubscriptionTests.swift */,
			);
			path = SubscriptionTests;
			sourceTree = "<group>";
		};
		4D6D051D2A1A472800AE9257 /* SubscriptionUITests */ = {
			isa = PBXGroup;
			children = (
				4D6D051E2A1A472800AE9257 /* SubscriptionUITests.swift */,
				4D6D05202A1A472800AE9257 /* SubscriptionUITestsLaunchTests.swift */,
			);
			path = SubscriptionUITests;
			sourceTree = "<group>";
		};
		4D6D052D2A1BACDE00AE9257 /* Views */ = {
			isa = PBXGroup;
			children = (
				4D6D05312A1BAEAF00AE9257 /* ProductTableViewCell.swift */,
				4D3101D12A1D074D007EBE72 /* ProductItemTableViewCell.swift */,
			);
			path = Views;
			sourceTree = "<group>";
		};
		4D6D052E2A1BAE5800AE9257 /* Controllers */ = {
			isa = PBXGroup;
			children = (
				4D6D05012A1A472600AE9257 /* CartViewController.swift */,
				4D519F222A1CFA17006ED8ED /* ProductsViewController.swift */,
				4D3101D32A1D1D04007EBE72 /* OrderDetailsViewController.swift */,
				4D8C7BA82A1D2A7000B4B1BA /* ResultsViewController.swift */,
			);
			path = Controllers;
			sourceTree = "<group>";
		};
		4D6D052F2A1BAE6300AE9257 /* Models */ = {
			isa = PBXGroup;
			children = (
				4D6D05352A1BE71D00AE9257 /* Product.swift */,
				4D6D05372A1BE77400AE9257 /* ProductsDatabase.swift */,
			);
			path = Models;
			sourceTree = "<group>";
		};
		4D6D05302A1BAE7C00AE9257 /* ViewModels */ = {
			isa = PBXGroup;
			children = (
				4D6D05332A1BE69F00AE9257 /* ProductViewModel.swift */,
			);
			path = ViewModels;
			sourceTree = "<group>";
		};
/* End PBXGroup section */

/* Begin PBXNativeTarget section */
		4D6D04F92A1A472600AE9257 /* Subscription */ = {
			isa = PBXNativeTarget;
			buildConfigurationList = 4D6D05242A1A472800AE9257 /* Build configuration list for PBXNativeTarget "Subscription" */;
			buildPhases = (
				4D6D04F62A1A472600AE9257 /* Sources */,
				4D6D04F72A1A472600AE9257 /* Frameworks */,
				4D6D04F82A1A472600AE9257 /* Resources */,
			);
			buildRules = (
			);
			dependencies = (
			);
			name = Subscription;
			productName = Subscription;
			productReference = 4D6D04FA2A1A472600AE9257 /* Subscription.app */;
			productType = "com.apple.product-type.application";
		};
		4D6D050F2A1A472800AE9257 /* SubscriptionTests */ = {
			isa = PBXNativeTarget;
			buildConfigurationList = 4D6D05272A1A472800AE9257 /* Build configuration list for PBXNativeTarget "SubscriptionTests" */;
			buildPhases = (
				4D6D050C2A1A472800AE9257 /* Sources */,
				4D6D050D2A1A472800AE9257 /* Frameworks */,
				4D6D050E2A1A472800AE9257 /* Resources */,
			);
			buildRules = (
			);
			dependencies = (
				4D6D05122A1A472800AE9257 /* PBXTargetDependency */,
			);
			name = SubscriptionTests;
			productName = SubscriptionTests;
			productReference = 4D6D05102A1A472800AE9257 /* SubscriptionTests.xctest */;
			productType = "com.apple.product-type.bundle.unit-test";
		};
		4D6D05192A1A472800AE9257 /* SubscriptionUITests */ = {
			isa = PBXNativeTarget;
			buildConfigurationList = 4D6D052A2A1A472800AE9257 /* Build configuration list for PBXNativeTarget "SubscriptionUITests" */;
			buildPhases = (
				4D6D05162A1A472800AE9257 /* Sources */,
				4D6D05172A1A472800AE9257 /* Frameworks */,
				4D6D05182A1A472800AE9257 /* Resources */,
			);
			buildRules = (
			);
			dependencies = (
				4D6D051C2A1A472800AE9257 /* PBXTargetDependency */,
			);
			name = SubscriptionUITests;
			productName = SubscriptionUITests;
			productReference = 4D6D051A2A1A472800AE9257 /* SubscriptionUITests.xctest */;
			productType = "com.apple.product-type.bundle.ui-testing";
		};
/* End PBXNativeTarget section */

/* Begin PBXProject section */
		4D6D04F22A1A472600AE9257 /* Project object */ = {
			isa = PBXProject;
			attributes = {
				BuildIndependentTargetsInParallel = 1;
				LastSwiftUpdateCheck = 1420;
				LastUpgradeCheck = 1420;
				TargetAttributes = {
					4D6D04F92A1A472600AE9257 = {
						CreatedOnToolsVersion = 14.2;
					};
					4D6D050F2A1A472800AE9257 = {
						CreatedOnToolsVersion = 14.2;
						TestTargetID = 4D6D04F92A1A472600AE9257;
					};
					4D6D05192A1A472800AE9257 = {
						CreatedOnToolsVersion = 14.2;
						TestTargetID = 4D6D04F92A1A472600AE9257;
					};
				};
			};
			buildConfigurationList = 4D6D04F52A1A472600AE9257 /* Build configuration list for PBXProject "Subscription" */;
			compatibilityVersion = "Xcode 14.0";
			developmentRegion = en;
			hasScannedForEncodings = 0;
			knownRegions = (
				en,
				Base,
			);
			mainGroup = 4D6D04F12A1A472600AE9257;
			productRefGroup = 4D6D04FB2A1A472600AE9257 /* Products */;
			projectDirPath = "";
			projectRoot = "";
			targets = (
				4D6D04F92A1A472600AE9257 /* Subscription */,
				4D6D050F2A1A472800AE9257 /* SubscriptionTests */,
				4D6D05192A1A472800AE9257 /* SubscriptionUITests */,
			);
		};
/* End PBXProject section */

/* Begin PBXResourcesBuildPhase section */
		4D6D04F82A1A472600AE9257 /* Resources */ = {
			isa = PBXResourcesBuildPhase;
			buildActionMask = 2147483647;
			files = (
				4D6D050A2A1A472800AE9257 /* LaunchScreen.storyboard in Resources */,
				4D6D05072A1A472800AE9257 /* Assets.xcassets in Resources */,
				4D6D05052A1A472600AE9257 /* Main.storyboard in Resources */,
			);
			runOnlyForDeploymentPostprocessing = 0;
		};
		4D6D050E2A1A472800AE9257 /* Resources */ = {
			isa = PBXResourcesBuildPhase;
			buildActionMask = 2147483647;
			files = (
			);
			runOnlyForDeploymentPostprocessing = 0;
		};
		4D6D05182A1A472800AE9257 /* Resources */ = {
			isa = PBXResourcesBuildPhase;
			buildActionMask = 2147483647;
			files = (
			);
			runOnlyForDeploymentPostprocessing = 0;
		};
/* End PBXResourcesBuildPhase section */

/* Begin PBXSourcesBuildPhase section */
		4D6D04F62A1A472600AE9257 /* Sources */ = {
			isa = PBXSourcesBuildPhase;
			buildActionMask = 2147483647;
			files = (
				4D8C7BA92A1D2A7000B4B1BA /* ResultsViewController.swift in Sources */,
				4D6D05382A1BE77400AE9257 /* ProductsDatabase.swift in Sources */,
				4D6D05022A1A472600AE9257 /* CartViewController.swift in Sources */,
				4D3101D22A1D074D007EBE72 /* ProductItemTableViewCell.swift in Sources */,
				4D519F232A1CFA17006ED8ED /* ProductsViewController.swift in Sources */,
				4D6D05322A1BAEAF00AE9257 /* ProductTableViewCell.swift in Sources */,
				4D6D04FE2A1A472600AE9257 /* AppDelegate.swift in Sources */,
				4D6D05002A1A472600AE9257 /* SceneDelegate.swift in Sources */,
				4D6D05342A1BE69F00AE9257 /* ProductViewModel.swift in Sources */,
				4D3101D42A1D1D04007EBE72 /* OrderDetailsViewController.swift in Sources */,
				4D6D05362A1BE71D00AE9257 /* Product.swift in Sources */,
			);
			runOnlyForDeploymentPostprocessing = 0;
		};
		4D6D050C2A1A472800AE9257 /* Sources */ = {
			isa = PBXSourcesBuildPhase;
			buildActionMask = 2147483647;
			files = (
				4D6D05152A1A472800AE9257 /* SubscriptionTests.swift in Sources */,
			);
			runOnlyForDeploymentPostprocessing = 0;
		};
		4D6D05162A1A472800AE9257 /* Sources */ = {
			isa = PBXSourcesBuildPhase;
			buildActionMask = 2147483647;
			files = (
				4D6D051F2A1A472800AE9257 /* SubscriptionUITests.swift in Sources */,
				4D6D05212A1A472800AE9257 /* SubscriptionUITestsLaunchTests.swift in Sources */,
			);
			runOnlyForDeploymentPostprocessing = 0;
		};
/* End PBXSourcesBuildPhase section */

/* Begin PBXTargetDependency section */
		4D6D05122A1A472800AE9257 /* PBXTargetDependency */ = {
			isa = PBXTargetDependency;
			target = 4D6D04F92A1A472600AE9257 /* Subscription */;
			targetProxy = 4D6D05112A1A472800AE9257 /* PBXContainerItemProxy */;
		};
		4D6D051C2A1A472800AE9257 /* PBXTargetDependency */ = {
			isa = PBXTargetDependency;
			target = 4D6D04F92A1A472600AE9257 /* Subscription */;
			targetProxy = 4D6D051B2A1A472800AE9257 /* PBXContainerItemProxy */;
		};
/* End PBXTargetDependency section */

/* Begin PBXVariantGroup section */
		4D6D05032A1A472600AE9257 /* Main.storyboard */ = {
			isa = PBXVariantGroup;
			children = (
				4D6D05042A1A472600AE9257 /* Base */,
			);
			name = Main.storyboard;
			sourceTree = "<group>";
		};
		4D6D05082A1A472800AE9257 /* LaunchScreen.storyboard */ = {
			isa = PBXVariantGroup;
			children = (
				4D6D05092A1A472800AE9257 /* Base */,
			);
			name = LaunchScreen.storyboard;
			sourceTree = "<group>";
		};
/* End PBXVariantGroup section */

/* Begin XCBuildConfiguration section */
		4D6D05222A1A472800AE9257 /* Debug */ = {
			isa = XCBuildConfiguration;
			buildSettings = {
				ALWAYS_SEARCH_USER_PATHS = NO;
				CLANG_ANALYZER_NONNULL = YES;
				CLANG_ANALYZER_NUMBER_OBJECT_CONVERSION = YES_AGGRESSIVE;
				CLANG_CXX_LANGUAGE_STANDARD = "gnu++20";
				CLANG_ENABLE_MODULES = YES;
				CLANG_ENABLE_OBJC_ARC = YES;
				CLANG_ENABLE_OBJC_WEAK = YES;
				CLANG_WARN_BLOCK_CAPTURE_AUTORELEASING = YES;
				CLANG_WARN_BOOL_CONVERSION = YES;
				CLANG_WARN_COMMA = YES;
				CLANG_WARN_CONSTANT_CONVERSION = YES;
				CLANG_WARN_DEPRECATED_OBJC_IMPLEMENTATIONS = YES;
				CLANG_WARN_DIRECT_OBJC_ISA_USAGE = YES_ERROR;
				CLANG_WARN_DOCUMENTATION_COMMENTS = YES;
				CLANG_WARN_EMPTY_BODY = YES;
				CLANG_WARN_ENUM_CONVERSION = YES;
				CLANG_WARN_INFINITE_RECURSION = YES;
				CLANG_WARN_INT_CONVERSION = YES;
				CLANG_WARN_NON_LITERAL_NULL_CONVERSION = YES;
				CLANG_WARN_OBJC_IMPLICIT_RETAIN_SELF = YES;
				CLANG_WARN_OBJC_LITERAL_CONVERSION = YES;
				CLANG_WARN_OBJC_ROOT_CLASS = YES_ERROR;
				CLANG_WARN_QUOTED_INCLUDE_IN_FRAMEWORK_HEADER = YES;
				CLANG_WARN_RANGE_LOOP_ANALYSIS = YES;
				CLANG_WARN_STRICT_PROTOTYPES = YES;
				CLANG_WARN_SUSPICIOUS_MOVE = YES;
				CLANG_WARN_UNGUARDED_AVAILABILITY = YES_AGGRESSIVE;
				CLANG_WARN_UNREACHABLE_CODE = YES;
				CLANG_WARN__DUPLICATE_METHOD_MATCH = YES;
				COPY_PHASE_STRIP = NO;
				DEBUG_INFORMATION_FORMAT = dwarf;
				ENABLE_STRICT_OBJC_MSGSEND = YES;
				ENABLE_TESTABILITY = YES;
				GCC_C_LANGUAGE_STANDARD = gnu11;
				GCC_DYNAMIC_NO_PIC = NO;
				GCC_NO_COMMON_BLOCKS = YES;
				GCC_OPTIMIZATION_LEVEL = 0;
				GCC_PREPROCESSOR_DEFINITIONS = (
					"DEBUG=1",
					"$(inherited)",
				);
				GCC_WARN_64_TO_32_BIT_CONVERSION = YES;
				GCC_WARN_ABOUT_RETURN_TYPE = YES_ERROR;
				GCC_WARN_UNDECLARED_SELECTOR = YES;
				GCC_WARN_UNINITIALIZED_AUTOS = YES_AGGRESSIVE;
				GCC_WARN_UNUSED_FUNCTION = YES;
				GCC_WARN_UNUSED_VARIABLE = YES;
				IPHONEOS_DEPLOYMENT_TARGET = 16.2;
				MTL_ENABLE_DEBUG_INFO = INCLUDE_SOURCE;
				MTL_FAST_MATH = YES;
				ONLY_ACTIVE_ARCH = YES;
				SDKROOT = iphoneos;
				SWIFT_ACTIVE_COMPILATION_CONDITIONS = DEBUG;
				SWIFT_OPTIMIZATION_LEVEL = "-Onone";
			};
			name = Debug;
		};
		4D6D05232A1A472800AE9257 /* Release */ = {
			isa = XCBuildConfiguration;
			buildSettings = {
				ALWAYS_SEARCH_USER_PATHS = NO;
				CLANG_ANALYZER_NONNULL = YES;
				CLANG_ANALYZER_NUMBER_OBJECT_CONVERSION = YES_AGGRESSIVE;
				CLANG_CXX_LANGUAGE_STANDARD = "gnu++20";
				CLANG_ENABLE_MODULES = YES;
				CLANG_ENABLE_OBJC_ARC = YES;
				CLANG_ENABLE_OBJC_WEAK = YES;
				CLANG_WARN_BLOCK_CAPTURE_AUTORELEASING = YES;
				CLANG_WARN_BOOL_CONVERSION = YES;
				CLANG_WARN_COMMA = YES;
				CLANG_WARN_CONSTANT_CONVERSION = YES;
				CLANG_WARN_DEPRECATED_OBJC_IMPLEMENTATIONS = YES;
				CLANG_WARN_DIRECT_OBJC_ISA_USAGE = YES_ERROR;
				CLANG_WARN_DOCUMENTATION_COMMENTS = YES;
				CLANG_WARN_EMPTY_BODY = YES;
				CLANG_WARN_ENUM_CONVERSION = YES;
				CLANG_WARN_INFINITE_RECURSION = YES;
				CLANG_WARN_INT_CONVERSION = YES;
				CLANG_WARN_NON_LITERAL_NULL_CONVERSION = YES;
				CLANG_WARN_OBJC_IMPLICIT_RETAIN_SELF = YES;
				CLANG_WARN_OBJC_LITERAL_CONVERSION = YES;
				CLANG_WARN_OBJC_ROOT_CLASS = YES_ERROR;
				CLANG_WARN_QUOTED_INCLUDE_IN_FRAMEWORK_HEADER = YES;
				CLANG_WARN_RANGE_LOOP_ANALYSIS = YES;
				CLANG_WARN_STRICT_PROTOTYPES = YES;
				CLANG_WARN_SUSPICIOUS_MOVE = YES;
				CLANG_WARN_UNGUARDED_AVAILABILITY = YES_AGGRESSIVE;
				CLANG_WARN_UNREACHABLE_CODE = YES;
				CLANG_WARN__DUPLICATE_METHOD_MATCH = YES;
				COPY_PHASE_STRIP = NO;
				DEBUG_INFORMATION_FORMAT = "dwarf-with-dsym";
				ENABLE_NS_ASSERTIONS = NO;
				ENABLE_STRICT_OBJC_MSGSEND = YES;
				GCC_C_LANGUAGE_STANDARD = gnu11;
				GCC_NO_COMMON_BLOCKS = YES;
				GCC_WARN_64_TO_32_BIT_CONVERSION = YES;
				GCC_WARN_ABOUT_RETURN_TYPE = YES_ERROR;
				GCC_WARN_UNDECLARED_SELECTOR = YES;
				GCC_WARN_UNINITIALIZED_AUTOS = YES_AGGRESSIVE;
				GCC_WARN_UNUSED_FUNCTION = YES;
				GCC_WARN_UNUSED_VARIABLE = YES;
				IPHONEOS_DEPLOYMENT_TARGET = 16.2;
				MTL_ENABLE_DEBUG_INFO = NO;
				MTL_FAST_MATH = YES;
				SDKROOT = iphoneos;
				SWIFT_COMPILATION_MODE = wholemodule;
				SWIFT_OPTIMIZATION_LEVEL = "-O";
				VALIDATE_PRODUCT = YES;
			};
			name = Release;
		};
		4D6D05252A1A472800AE9257 /* Debug */ = {
			isa = XCBuildConfiguration;
			buildSettings = {
				ASSETCATALOG_COMPILER_APPICON_NAME = AppIcon;
				ASSETCATALOG_COMPILER_GLOBAL_ACCENT_COLOR_NAME = AccentColor;
				CODE_SIGN_STYLE = Automatic;
				CURRENT_PROJECT_VERSION = 1;
				GENERATE_INFOPLIST_FILE = YES;
				INFOPLIST_FILE = Subscription/Info.plist;
				INFOPLIST_KEY_UIApplicationSupportsIndirectInputEvents = YES;
				INFOPLIST_KEY_UILaunchStoryboardName = LaunchScreen;
				INFOPLIST_KEY_UISupportedInterfaceOrientations_iPad = "UIInterfaceOrientationPortrait UIInterfaceOrientationPortraitUpsideDown UIInterfaceOrientationLandscapeLeft UIInterfaceOrientationLandscapeRight";
				INFOPLIST_KEY_UISupportedInterfaceOrientations_iPhone = "UIInterfaceOrientationPortrait UIInterfaceOrientationLandscapeLeft UIInterfaceOrientationLandscapeRight";
				LD_RUNPATH_SEARCH_PATHS = (
					"$(inherited)",
					"@executable_path/Frameworks",
				);
				MARKETING_VERSION = 1.0;
				PRODUCT_BUNDLE_IDENTIFIER = com.personal.Subscription;
				PRODUCT_NAME = "$(TARGET_NAME)";
				SWIFT_EMIT_LOC_STRINGS = YES;
				SWIFT_VERSION = 5.0;
				TARGETED_DEVICE_FAMILY = "1,2";
			};
			name = Debug;
		};
		4D6D05262A1A472800AE9257 /* Release */ = {
			isa = XCBuildConfiguration;
			buildSettings = {
				ASSETCATALOG_COMPILER_APPICON_NAME = AppIcon;
				ASSETCATALOG_COMPILER_GLOBAL_ACCENT_COLOR_NAME = AccentColor;
				CODE_SIGN_STYLE = Automatic;
				CURRENT_PROJECT_VERSION = 1;
				GENERATE_INFOPLIST_FILE = YES;
				INFOPLIST_FILE = Subscription/Info.plist;
				INFOPLIST_KEY_UIApplicationSupportsIndirectInputEvents = YES;
				INFOPLIST_KEY_UILaunchStoryboardName = LaunchScreen;
				INFOPLIST_KEY_UISupportedInterfaceOrientations_iPad = "UIInterfaceOrientationPortrait UIInterfaceOrientationPortraitUpsideDown UIInterfaceOrientationLandscapeLeft UIInterfaceOrientationLandscapeRight";
				INFOPLIST_KEY_UISupportedInterfaceOrientations_iPhone = "UIInterfaceOrientationPortrait UIInterfaceOrientationLandscapeLeft UIInterfaceOrientationLandscapeRight";
				LD_RUNPATH_SEARCH_PATHS = (
					"$(inherited)",
					"@executable_path/Frameworks",
				);
				MARKETING_VERSION = 1.0;
				PRODUCT_BUNDLE_IDENTIFIER = com.personal.Subscription;
				PRODUCT_NAME = "$(TARGET_NAME)";
				SWIFT_EMIT_LOC_STRINGS = YES;
				SWIFT_VERSION = 5.0;
				TARGETED_DEVICE_FAMILY = "1,2";
			};
			name = Release;
		};
		4D6D05282A1A472800AE9257 /* Debug */ = {
			isa = XCBuildConfiguration;
			buildSettings = {
				ALWAYS_EMBED_SWIFT_STANDARD_LIBRARIES = YES;
				BUNDLE_LOADER = "$(TEST_HOST)";
				CODE_SIGN_STYLE = Automatic;
				CURRENT_PROJECT_VERSION = 1;
				GENERATE_INFOPLIST_FILE = YES;
				IPHONEOS_DEPLOYMENT_TARGET = 16.2;
				MARKETING_VERSION = 1.0;
				PRODUCT_BUNDLE_IDENTIFIER = com.personal.SubscriptionTests;
				PRODUCT_NAME = "$(TARGET_NAME)";
				SWIFT_EMIT_LOC_STRINGS = NO;
				SWIFT_VERSION = 5.0;
				TARGETED_DEVICE_FAMILY = "1,2";
				TEST_HOST = "$(BUILT_PRODUCTS_DIR)/Subscription.app/$(BUNDLE_EXECUTABLE_FOLDER_PATH)/Subscription";
			};
			name = Debug;
		};
		4D6D05292A1A472800AE9257 /* Release */ = {
			isa = XCBuildConfiguration;
			buildSettings = {
				ALWAYS_EMBED_SWIFT_STANDARD_LIBRARIES = YES;
				BUNDLE_LOADER = "$(TEST_HOST)";
				CODE_SIGN_STYLE = Automatic;
				CURRENT_PROJECT_VERSION = 1;
				GENERATE_INFOPLIST_FILE = YES;
				IPHONEOS_DEPLOYMENT_TARGET = 16.2;
				MARKETING_VERSION = 1.0;
				PRODUCT_BUNDLE_IDENTIFIER = com.personal.SubscriptionTests;
				PRODUCT_NAME = "$(TARGET_NAME)";
				SWIFT_EMIT_LOC_STRINGS = NO;
				SWIFT_VERSION = 5.0;
				TARGETED_DEVICE_FAMILY = "1,2";
				TEST_HOST = "$(BUILT_PRODUCTS_DIR)/Subscription.app/$(BUNDLE_EXECUTABLE_FOLDER_PATH)/Subscription";
			};
			name = Release;
		};
		4D6D052B2A1A472800AE9257 /* Debug */ = {
			isa = XCBuildConfiguration;
			buildSettings = {
				ALWAYS_EMBED_SWIFT_STANDARD_LIBRARIES = YES;
				CODE_SIGN_STYLE = Automatic;
				CURRENT_PROJECT_VERSION = 1;
				GENERATE_INFOPLIST_FILE = YES;
				MARKETING_VERSION = 1.0;
				PRODUCT_BUNDLE_IDENTIFIER = com.personal.SubscriptionUITests;
				PRODUCT_NAME = "$(TARGET_NAME)";
				SWIFT_EMIT_LOC_STRINGS = NO;
				SWIFT_VERSION = 5.0;
				TARGETED_DEVICE_FAMILY = "1,2";
				TEST_TARGET_NAME = Subscription;
			};
			name = Debug;
		};
		4D6D052C2A1A472800AE9257 /* Release */ = {
			isa = XCBuildConfiguration;
			buildSettings = {
				ALWAYS_EMBED_SWIFT_STANDARD_LIBRARIES = YES;
				CODE_SIGN_STYLE = Automatic;
				CURRENT_PROJECT_VERSION = 1;
				GENERATE_INFOPLIST_FILE = YES;
				MARKETING_VERSION = 1.0;
				PRODUCT_BUNDLE_IDENTIFIER = com.personal.SubscriptionUITests;
				PRODUCT_NAME = "$(TARGET_NAME)";
				SWIFT_EMIT_LOC_STRINGS = NO;
				SWIFT_VERSION = 5.0;
				TARGETED_DEVICE_FAMILY = "1,2";
				TEST_TARGET_NAME = Subscription;
			};
			name = Release;
		};
/* End XCBuildConfiguration section */

/* Begin XCConfigurationList section */
		4D6D04F52A1A472600AE9257 /* Build configuration list for PBXProject "Subscription" */ = {
			isa = XCConfigurationList;
			buildConfigurations = (
				4D6D05222A1A472800AE9257 /* Debug */,
				4D6D05232A1A472800AE9257 /* Release */,
			);
			defaultConfigurationIsVisible = 0;
			defaultConfigurationName = Release;
		};
		4D6D05242A1A472800AE9257 /* Build configuration list for PBXNativeTarget "Subscription" */ = {
			isa = XCConfigurationList;
			buildConfigurations = (
				4D6D05252A1A472800AE9257 /* Debug */,
				4D6D05262A1A472800AE9257 /* Release */,
			);
			defaultConfigurationIsVisible = 0;
			defaultConfigurationName = Release;
		};
		4D6D05272A1A472800AE9257 /* Build configuration list for PBXNativeTarget "SubscriptionTests" */ = {
			isa = XCConfigurationList;
			buildConfigurations = (
				4D6D05282A1A472800AE9257 /* Debug */,
				4D6D05292A1A472800AE9257 /* Release */,
			);
			defaultConfigurationIsVisible = 0;
			defaultConfigurationName = Release;
		};
		4D6D052A2A1A472800AE9257 /* Build configuration list for PBXNativeTarget "SubscriptionUITests" */ = {
			isa = XCConfigurationList;
			buildConfigurations = (
				4D6D052B2A1A472800AE9257 /* Debug */,
				4D6D052C2A1A472800AE9257 /* Release */,
			);
			defaultConfigurationIsVisible = 0;
			defaultConfigurationName = Release;
		};
/* End XCConfigurationList section */
	};
	rootObject = 4D6D04F22A1A472600AE9257 /* Project object */;
}
